// !$*UTF8*$!
{
	archiveVersion = 1;
	classes = {
	};
	objectVersion = 77;
	objects = {

/* Begin PBXBuildFile section */
		09BD11B18E0A7CDA91B1BD08 /* UserProfile.swift in Sources */ = {isa = PBXBuildFile; fileRef = 20C576D2DD70FDADE166CDAC /* UserProfile.swift */; };
		0F734186D5A4F38D9D841672 /* FeaturedCarousel.swift in Sources */ = {isa = PBXBuildFile; fileRef = D4C46D1DA3AC817B07C7E258 /* FeaturedCarousel.swift */; };
		104D6F9E5ED5479A0FC3AC49 /* ElevenLabsComponents in Frameworks */ = {isa = PBXBuildFile; productRef = 3F1BB8A001ECBF947DDD291F /* ElevenLabsComponents */; };
		11AA3EB1ECC615E1019097BA /* CouncilLiveActivityBundle.swift in Sources */ = {isa = PBXBuildFile; fileRef = AE3AA24E714065FCF6CA86FE /* CouncilLiveActivityBundle.swift */; };
		1C704FBE256221C74A0923FD /* AuthService.swift in Sources */ = {isa = PBXBuildFile; fileRef = 1ED4145139D2DE3D6FF9685F /* AuthService.swift */; };
		1F712D8789DC560132168CFE /* ModelPickerView.swift in Sources */ = {isa = PBXBuildFile; fileRef = 93B0B07909A5DCDA55ECEA45 /* ModelPickerView.swift */; };
		3770C21AE2B6BFF5EF7CA9FA /* CoachDeepLinkAction.swift in Sources */ = {isa = PBXBuildFile; fileRef = D933A6D1B4E3693F2C377613 /* CoachDeepLinkAction.swift */; };
		396592BF75AC4E4983ACBA76 /* Assets.xcassets in Resources */ = {isa = PBXBuildFile; fileRef = 9F4AEE44520978142FB1B7DE /* Assets.xcassets */; };
		417D72CD047D6B43C70003A0 /* ContentView.swift in Sources */ = {isa = PBXBuildFile; fileRef = 17CE1F742A12D855B3C94C2E /* ContentView.swift */; };
		47566721DD425B4F344D8506 /* FirebaseFunctions in Frameworks */ = {isa = PBXBuildFile; productRef = B1E2C4788DC33612A294E7BA /* FirebaseFunctions */; };
		4A5348FD7D2F342D54F1029C /* GoogleService-Info.plist in Resources */ = {isa = PBXBuildFile; fileRef = 20AA5F72D474FE0143AB190D /* GoogleService-Info.plist */; };
		4C1C8E956C6ADA6F51955F57 /* SessionView.swift in Sources */ = {isa = PBXBuildFile; fileRef = 0D08CE5A4934217843E3E1C4 /* SessionView.swift */; };
		539AC5EA0C50C247510A12BD /* CategorySection.swift in Sources */ = {isa = PBXBuildFile; fileRef = E76380EC7ABC61B5BE6F2F90 /* CategorySection.swift */; };
		5ACFF95F715DD1437DCF2FFF /* ElevenLabsComponents in Frameworks */ = {isa = PBXBuildFile; productRef = 90616523B8C633ED009E662E /* ElevenLabsComponents */; };
		5B8C6A29FB8878E746F0D434 /* CoachCard.swift in Sources */ = {isa = PBXBuildFile; fileRef = E379D89F477B0D697AE16136 /* CoachCard.swift */; };
		5C04CC1A65EAA57FF5ED5AC3 /* GradientCard.swift in Sources */ = {isa = PBXBuildFile; fileRef = 3253B59B9124D681A8A67088 /* GradientCard.swift */; };
		5C122D2FACD577DFDFBBD806 /* CouncilLiveActivityExtension.appex in Embed Foundation Extensions */ = {isa = PBXBuildFile; fileRef = C2D6354E5457C894C31DC389 /* CouncilLiveActivityExtension.appex */; settings = {ATTRIBUTES = (RemoveHeadersOnCopy, ); }; };
		5C12BF9F903A873E2CC32136 /* AppColors.swift in Sources */ = {isa = PBXBuildFile; fileRef = 6AC6C2F0FE8EC1ED8262A158 /* AppColors.swift */; };
		5E093B0B28F5303BA4309B85 /* Coach.swift in Sources */ = {isa = PBXBuildFile; fileRef = 5F6766E2ED3131690CD18811 /* Coach.swift */; };
		5F229347B2780F5923D593AC /* CoachEditViewModel.swift in Sources */ = {isa = PBXBuildFile; fileRef = 301DBEBCD7BB4BDEACB6F971 /* CoachEditViewModel.swift */; };
		64AA20313B25BDE9260B238A /* SessionViewModel.swift in Sources */ = {isa = PBXBuildFile; fileRef = 1CB345A4B63CAF07EB87C51C /* SessionViewModel.swift */; };
		6581D07D002E6F210C768B6A /* CoachEditSheet.swift in Sources */ = {isa = PBXBuildFile; fileRef = EA5FE52D2793C648F73A620A /* CoachEditSheet.swift */; };
		691D58858EEF84DC8F0F4474 /* CommunityCoachSheet.swift in Sources */ = {isa = PBXBuildFile; fileRef = 717DE99144FB3880AF2B8F4F /* CommunityCoachSheet.swift */; };
		6F70948FBBC2756AD8DEFF46 /* CreateCoachView.swift in Sources */ = {isa = PBXBuildFile; fileRef = 652E3BA81948D123C0EF581C /* CreateCoachView.swift */; };
		701ED7CF8E35B324EDA52EDD /* CoachSessionActivityAttributes.swift in Sources */ = {isa = PBXBuildFile; fileRef = 96F90C3507825B5EC1786F41 /* CoachSessionActivityAttributes.swift */; };
		7B19EF73E729D1EA8024AE15 /* NotionOAuthService.swift in Sources */ = {isa = PBXBuildFile; fileRef = 537DDC2C172065A42954DEC7 /* NotionOAuthService.swift */; };
		7EA413ADD042B625108B3170 /* OnboardingView.swift in Sources */ = {isa = PBXBuildFile; fileRef = B461FDB58AAFDCD54893AE9A /* OnboardingView.swift */; };
		800A83E5B64651453BE467B8 /* RevenueCat in Frameworks */ = {isa = PBXBuildFile; productRef = 52C5AA57DD22BA7F802C8D76 /* RevenueCat */; };
		84F746BE917785DAAC81D293 /* CoachSessionActivityAttributes.swift in Sources */ = {isa = PBXBuildFile; fileRef = 96F90C3507825B5EC1786F41 /* CoachSessionActivityAttributes.swift */; };
		85DE8A4299CAD5A08510E6A9 /* ConnectedService.swift in Sources */ = {isa = PBXBuildFile; fileRef = C9ABA1E35C20C6EE7FDD8895 /* ConnectedService.swift */; };
		92833F34A0C165B5B2C97C8A /* TranscriptView.swift in Sources */ = {isa = PBXBuildFile; fileRef = DD621DF763D5975D4AFBA288 /* TranscriptView.swift */; };
		93DC1C9263E73C195680F896 /* FirebaseService.swift in Sources */ = {isa = PBXBuildFile; fileRef = 1C11B2E90541953C686DD87E /* FirebaseService.swift */; };
		98781D687EFD73C615BB61D8 /* AppSpacing.swift in Sources */ = {isa = PBXBuildFile; fileRef = EFB918C5E6C763ACFD730C4F /* AppSpacing.swift */; };
		A2C3E572A555A5D877C44F6E /* GoogleService-Info.plist.bak_20260206_164154 in Resources */ = {isa = PBXBuildFile; fileRef = 4BEED7C989383DDD8A4FD06D /* GoogleService-Info.plist.bak_20260206_164154 */; };
		A33B1CD9499E3DB63BB8DC12 /* HoneycombGrid.swift in Sources */ = {isa = PBXBuildFile; fileRef = 8BE16A83D5C268BA5BC3353A /* HoneycombGrid.swift */; };
		A34BB3A717228FE8A9F5945C /* InfiniteScrollView.swift in Sources */ = {isa = PBXBuildFile; fileRef = A1606AB0487A3D5E57EAF8AE /* InfiniteScrollView.swift */; };
		A4ADF00181F3AF633B4BFC4E /* ElevenLabs in Frameworks */ = {isa = PBXBuildFile; productRef = 929493F1BB18B50BF74075AE /* ElevenLabs */; };
		A526A6D3734926CBE70580F3 /* FirebaseAuth in Frameworks */ = {isa = PBXBuildFile; productRef = 65F1E20F04402402446E5A29 /* FirebaseAuth */; };
		AF4F3339AD5EF834CA323327 /* CoachingSession.swift in Sources */ = {isa = PBXBuildFile; fileRef = 7AD36C5AAEBBD6E0D09FCC0D /* CoachingSession.swift */; };
		B0CE64A96437865D88A15F9C /* ContextEditorView.swift in Sources */ = {isa = PBXBuildFile; fileRef = 2C43B376B8EC9A3C975E1BF7 /* ContextEditorView.swift */; };
		B3CF14C68456348EFD4A94F1 /* CategoryBadge.swift in Sources */ = {isa = PBXBuildFile; fileRef = 285F32808AC8525FD83BBF34 /* CategoryBadge.swift */; };
		B434E9AFBDB80718BAF012E6 /* LiveActivityManager.swift in Sources */ = {isa = PBXBuildFile; fileRef = BC488FB451DC158CA9EE930E /* LiveActivityManager.swift */; };
		B8ADD0B99DEF1F368A9A136C /* FirebaseFirestore in Frameworks */ = {isa = PBXBuildFile; productRef = F7062B3A7252C8F56546E283 /* FirebaseFirestore */; };
		B90D1A419B5FF744F3E3F6F2 /* ElevenLabsAPIService.swift in Sources */ = {isa = PBXBuildFile; fileRef = 834F9BB7389DAB1C8B2B18D7 /* ElevenLabsAPIService.swift */; };
		BB757C5E7959AC707F2F4290 /* SessionHistoryViewModel.swift in Sources */ = {isa = PBXBuildFile; fileRef = 8C9F53AE96A9776979213910 /* SessionHistoryViewModel.swift */; };
		C195FF768675C6B5301E4EA5 /* CreateCoachViewModel.swift in Sources */ = {isa = PBXBuildFile; fileRef = 77A6622711A8A5FC0770C7CC /* CreateCoachViewModel.swift */; };
		C1D7E1898383513A2982EDF4 /* DiscoverViewModel.swift in Sources */ = {isa = PBXBuildFile; fileRef = 1DE4F2BA747B8470FC9F94D5 /* DiscoverViewModel.swift */; };
		C5DC7866815762E33C242531 /* UserCoachConfig.swift in Sources */ = {isa = PBXBuildFile; fileRef = 1DC90FEEFB0BC70EBB9D126D /* UserCoachConfig.swift */; };
		C777F081BF631B57B1AFB330 /* DiscoverView.swift in Sources */ = {isa = PBXBuildFile; fileRef = 16395EE7F077C7F1706868C7 /* DiscoverView.swift */; };
		C9FBB3732C0A92E37D711EE0 /* ProfileViewModel.swift in Sources */ = {isa = PBXBuildFile; fileRef = B730B17FDD1FE4E493B124D3 /* ProfileViewModel.swift */; };
		CCCB9885F21DFA98B2763F10 /* SessionDeepLinkAction.swift in Sources */ = {isa = PBXBuildFile; fileRef = CFCF05EF8A247FBC8217AB57 /* SessionDeepLinkAction.swift */; };
		DF5C33DA7DF7E8C18C3DEC59 /* OrbAvatar.swift in Sources */ = {isa = PBXBuildFile; fileRef = BE1CE59764DE58455A71A47E /* OrbAvatar.swift */; };
		EB6B71D50A60B09427054705 /* AppTypography.swift in Sources */ = {isa = PBXBuildFile; fileRef = 61B32886A6911695C2541125 /* AppTypography.swift */; };
		ECDDBB59F209025F721F70F3 /* ProfileView.swift in Sources */ = {isa = PBXBuildFile; fileRef = 1EA1A6F9286FE39E09FF54A6 /* ProfileView.swift */; };
		F347B334E17C23849D8896CA /* VoicePickerView.swift in Sources */ = {isa = PBXBuildFile; fileRef = 5100ACDB2F323992CBFFAEDC /* VoicePickerView.swift */; };
		F3C4A65E1CB426E8CD6A47FB /* PaywallView.swift in Sources */ = {isa = PBXBuildFile; fileRef = C2B855C7E474C2AB2305C40A /* PaywallView.swift */; };
		F5A9B7B3DC5168FCE7A877F2 /* SubscriptionService.swift in Sources */ = {isa = PBXBuildFile; fileRef = 019E9D994241B3604F6B9E79 /* SubscriptionService.swift */; };
		F5EEC78592C040E4CD7031E9 /* CoachDetailView.swift in Sources */ = {isa = PBXBuildFile; fileRef = 7633FA04CE02C5AC3E79EA46 /* CoachDetailView.swift */; };
		F5F317F929CAC70A484B0CF2 /* SessionHistoryView.swift in Sources */ = {isa = PBXBuildFile; fileRef = C1F437B428F61F3376F7C0A0 /* SessionHistoryView.swift */; };
		F77D3F3C52DEE7113243FF87 /* CouncilApp.swift in Sources */ = {isa = PBXBuildFile; fileRef = 5C33AE6CA888DFF7EBC06F32 /* CouncilApp.swift */; };
		FBECE620B33F4DCDD14DD396 /* CoachSessionLiveActivityWidget.swift in Sources */ = {isa = PBXBuildFile; fileRef = BD045951AC01BBCA6AD8260D /* CoachSessionLiveActivityWidget.swift */; };
		FD9F3B925D0EC8B9583107C2 /* AuthViewModel.swift in Sources */ = {isa = PBXBuildFile; fileRef = 2533D0A0B2C06FE4585E1679 /* AuthViewModel.swift */; };
/* End PBXBuildFile section */

/* Begin PBXContainerItemProxy section */
		BB281C8D70796FB29F459584 /* PBXContainerItemProxy */ = {
			isa = PBXContainerItemProxy;
			containerPortal = A5C24DCD198A0EDC4EEDA171 /* Project object */;
			proxyType = 1;
			remoteGlobalIDString = 5C83E10A1857B8D37BE6CF32;
			remoteInfo = CouncilLiveActivityExtension;
		};
/* End PBXContainerItemProxy section */

/* Begin PBXCopyFilesBuildPhase section */
		756E2AFEF351972914EB0036 /* Embed Foundation Extensions */ = {
			isa = PBXCopyFilesBuildPhase;
			buildActionMask = 2147483647;
			dstPath = "";
			dstSubfolderSpec = 13;
			files = (
				5C122D2FACD577DFDFBBD806 /* CouncilLiveActivityExtension.appex in Embed Foundation Extensions */,
			);
			name = "Embed Foundation Extensions";
			runOnlyForDeploymentPostprocessing = 0;
		};
/* End PBXCopyFilesBuildPhase section */

/* Begin PBXFileReference section */
		019E9D994241B3604F6B9E79 /* SubscriptionService.swift */ = {isa = PBXFileReference; lastKnownFileType = sourcecode.swift; path = SubscriptionService.swift; sourceTree = "<group>"; };
		0D08CE5A4934217843E3E1C4 /* SessionView.swift */ = {isa = PBXFileReference; lastKnownFileType = sourcecode.swift; path = SessionView.swift; sourceTree = "<group>"; };
		16395EE7F077C7F1706868C7 /* DiscoverView.swift */ = {isa = PBXFileReference; lastKnownFileType = sourcecode.swift; path = DiscoverView.swift; sourceTree = "<group>"; };
		17CE1F742A12D855B3C94C2E /* ContentView.swift */ = {isa = PBXFileReference; lastKnownFileType = sourcecode.swift; path = ContentView.swift; sourceTree = "<group>"; };
		1C11B2E90541953C686DD87E /* FirebaseService.swift */ = {isa = PBXFileReference; lastKnownFileType = sourcecode.swift; path = FirebaseService.swift; sourceTree = "<group>"; };
		1CB345A4B63CAF07EB87C51C /* SessionViewModel.swift */ = {isa = PBXFileReference; lastKnownFileType = sourcecode.swift; path = SessionViewModel.swift; sourceTree = "<group>"; };
		1DC90FEEFB0BC70EBB9D126D /* UserCoachConfig.swift */ = {isa = PBXFileReference; lastKnownFileType = sourcecode.swift; path = UserCoachConfig.swift; sourceTree = "<group>"; };
		1DE4F2BA747B8470FC9F94D5 /* DiscoverViewModel.swift */ = {isa = PBXFileReference; lastKnownFileType = sourcecode.swift; path = DiscoverViewModel.swift; sourceTree = "<group>"; };
		1EA1A6F9286FE39E09FF54A6 /* ProfileView.swift */ = {isa = PBXFileReference; lastKnownFileType = sourcecode.swift; path = ProfileView.swift; sourceTree = "<group>"; };
		1ED4145139D2DE3D6FF9685F /* AuthService.swift */ = {isa = PBXFileReference; lastKnownFileType = sourcecode.swift; path = AuthService.swift; sourceTree = "<group>"; };
		20AA5F72D474FE0143AB190D /* GoogleService-Info.plist */ = {isa = PBXFileReference; lastKnownFileType = text.plist; path = "GoogleService-Info.plist"; sourceTree = "<group>"; };
		20C576D2DD70FDADE166CDAC /* UserProfile.swift */ = {isa = PBXFileReference; lastKnownFileType = sourcecode.swift; path = UserProfile.swift; sourceTree = "<group>"; };
		2533D0A0B2C06FE4585E1679 /* AuthViewModel.swift */ = {isa = PBXFileReference; lastKnownFileType = sourcecode.swift; path = AuthViewModel.swift; sourceTree = "<group>"; };
		285F32808AC8525FD83BBF34 /* CategoryBadge.swift */ = {isa = PBXFileReference; lastKnownFileType = sourcecode.swift; path = CategoryBadge.swift; sourceTree = "<group>"; };
		2C43B376B8EC9A3C975E1BF7 /* ContextEditorView.swift */ = {isa = PBXFileReference; lastKnownFileType = sourcecode.swift; path = ContextEditorView.swift; sourceTree = "<group>"; };
		301DBEBCD7BB4BDEACB6F971 /* CoachEditViewModel.swift */ = {isa = PBXFileReference; lastKnownFileType = sourcecode.swift; path = CoachEditViewModel.swift; sourceTree = "<group>"; };
		3253B59B9124D681A8A67088 /* GradientCard.swift */ = {isa = PBXFileReference; lastKnownFileType = sourcecode.swift; path = GradientCard.swift; sourceTree = "<group>"; };
		4BEED7C989383DDD8A4FD06D /* GoogleService-Info.plist.bak_20260206_164154 */ = {isa = PBXFileReference; path = "GoogleService-Info.plist.bak_20260206_164154"; sourceTree = "<group>"; };
		5100ACDB2F323992CBFFAEDC /* VoicePickerView.swift */ = {isa = PBXFileReference; lastKnownFileType = sourcecode.swift; path = VoicePickerView.swift; sourceTree = "<group>"; };
		537DDC2C172065A42954DEC7 /* NotionOAuthService.swift */ = {isa = PBXFileReference; lastKnownFileType = sourcecode.swift; path = NotionOAuthService.swift; sourceTree = "<group>"; };
		5C33AE6CA888DFF7EBC06F32 /* CouncilApp.swift */ = {isa = PBXFileReference; lastKnownFileType = sourcecode.swift; path = CouncilApp.swift; sourceTree = "<group>"; };
		5F6766E2ED3131690CD18811 /* Coach.swift */ = {isa = PBXFileReference; lastKnownFileType = sourcecode.swift; path = Coach.swift; sourceTree = "<group>"; };
		61B32886A6911695C2541125 /* AppTypography.swift */ = {isa = PBXFileReference; lastKnownFileType = sourcecode.swift; path = AppTypography.swift; sourceTree = "<group>"; };
		652E3BA81948D123C0EF581C /* CreateCoachView.swift */ = {isa = PBXFileReference; lastKnownFileType = sourcecode.swift; path = CreateCoachView.swift; sourceTree = "<group>"; };
		6AC6C2F0FE8EC1ED8262A158 /* AppColors.swift */ = {isa = PBXFileReference; lastKnownFileType = sourcecode.swift; path = AppColors.swift; sourceTree = "<group>"; };
		717DE99144FB3880AF2B8F4F /* CommunityCoachSheet.swift */ = {isa = PBXFileReference; lastKnownFileType = sourcecode.swift; path = CommunityCoachSheet.swift; sourceTree = "<group>"; };
		7633FA04CE02C5AC3E79EA46 /* CoachDetailView.swift */ = {isa = PBXFileReference; lastKnownFileType = sourcecode.swift; path = CoachDetailView.swift; sourceTree = "<group>"; };
		77A6622711A8A5FC0770C7CC /* CreateCoachViewModel.swift */ = {isa = PBXFileReference; lastKnownFileType = sourcecode.swift; path = CreateCoachViewModel.swift; sourceTree = "<group>"; };
		7AD36C5AAEBBD6E0D09FCC0D /* CoachingSession.swift */ = {isa = PBXFileReference; lastKnownFileType = sourcecode.swift; path = CoachingSession.swift; sourceTree = "<group>"; };
		834F9BB7389DAB1C8B2B18D7 /* ElevenLabsAPIService.swift */ = {isa = PBXFileReference; lastKnownFileType = sourcecode.swift; path = ElevenLabsAPIService.swift; sourceTree = "<group>"; };
		8BE16A83D5C268BA5BC3353A /* HoneycombGrid.swift */ = {isa = PBXFileReference; lastKnownFileType = sourcecode.swift; path = HoneycombGrid.swift; sourceTree = "<group>"; };
		8C9F53AE96A9776979213910 /* SessionHistoryViewModel.swift */ = {isa = PBXFileReference; lastKnownFileType = sourcecode.swift; path = SessionHistoryViewModel.swift; sourceTree = "<group>"; };
		93B0B07909A5DCDA55ECEA45 /* ModelPickerView.swift */ = {isa = PBXFileReference; lastKnownFileType = sourcecode.swift; path = ModelPickerView.swift; sourceTree = "<group>"; };
		96F90C3507825B5EC1786F41 /* CoachSessionActivityAttributes.swift */ = {isa = PBXFileReference; lastKnownFileType = sourcecode.swift; path = CoachSessionActivityAttributes.swift; sourceTree = "<group>"; };
		9F4AEE44520978142FB1B7DE /* Assets.xcassets */ = {isa = PBXFileReference; lastKnownFileType = folder.assetcatalog; path = Assets.xcassets; sourceTree = "<group>"; };
		A1606AB0487A3D5E57EAF8AE /* InfiniteScrollView.swift */ = {isa = PBXFileReference; lastKnownFileType = sourcecode.swift; path = InfiniteScrollView.swift; sourceTree = "<group>"; };
		AE3AA24E714065FCF6CA86FE /* CouncilLiveActivityBundle.swift */ = {isa = PBXFileReference; lastKnownFileType = sourcecode.swift; path = CouncilLiveActivityBundle.swift; sourceTree = "<group>"; };
		B461FDB58AAFDCD54893AE9A /* OnboardingView.swift */ = {isa = PBXFileReference; lastKnownFileType = sourcecode.swift; path = OnboardingView.swift; sourceTree = "<group>"; };
		B730B17FDD1FE4E493B124D3 /* ProfileViewModel.swift */ = {isa = PBXFileReference; lastKnownFileType = sourcecode.swift; path = ProfileViewModel.swift; sourceTree = "<group>"; };
		BC488FB451DC158CA9EE930E /* LiveActivityManager.swift */ = {isa = PBXFileReference; lastKnownFileType = sourcecode.swift; path = LiveActivityManager.swift; sourceTree = "<group>"; };
		BD045951AC01BBCA6AD8260D /* CoachSessionLiveActivityWidget.swift */ = {isa = PBXFileReference; lastKnownFileType = sourcecode.swift; path = CoachSessionLiveActivityWidget.swift; sourceTree = "<group>"; };
		BE1CE59764DE58455A71A47E /* OrbAvatar.swift */ = {isa = PBXFileReference; lastKnownFileType = sourcecode.swift; path = OrbAvatar.swift; sourceTree = "<group>"; };
		C1F437B428F61F3376F7C0A0 /* SessionHistoryView.swift */ = {isa = PBXFileReference; lastKnownFileType = sourcecode.swift; path = SessionHistoryView.swift; sourceTree = "<group>"; };
		C2A7D06E2CEE0DC43EA4715D /* Council.app */ = {isa = PBXFileReference; includeInIndex = 0; lastKnownFileType = wrapper.application; path = Council.app; sourceTree = BUILT_PRODUCTS_DIR; };
		C2B855C7E474C2AB2305C40A /* PaywallView.swift */ = {isa = PBXFileReference; lastKnownFileType = sourcecode.swift; path = PaywallView.swift; sourceTree = "<group>"; };
		C2D6354E5457C894C31DC389 /* CouncilLiveActivityExtension.appex */ = {isa = PBXFileReference; includeInIndex = 0; lastKnownFileType = "wrapper.app-extension"; path = CouncilLiveActivityExtension.appex; sourceTree = BUILT_PRODUCTS_DIR; };
		C9ABA1E35C20C6EE7FDD8895 /* ConnectedService.swift */ = {isa = PBXFileReference; lastKnownFileType = sourcecode.swift; path = ConnectedService.swift; sourceTree = "<group>"; };
		CFCF05EF8A247FBC8217AB57 /* SessionDeepLinkAction.swift */ = {isa = PBXFileReference; lastKnownFileType = sourcecode.swift; path = SessionDeepLinkAction.swift; sourceTree = "<group>"; };
		D1AB95446E4FEDED6D47BB37 /* Info.plist */ = {isa = PBXFileReference; lastKnownFileType = text.plist; path = Info.plist; sourceTree = "<group>"; };
		D46C5600BC83FB3B9A9E66DB /* Council.entitlements */ = {isa = PBXFileReference; lastKnownFileType = text.plist.entitlements; path = Council.entitlements; sourceTree = "<group>"; };
		D4C46D1DA3AC817B07C7E258 /* FeaturedCarousel.swift */ = {isa = PBXFileReference; lastKnownFileType = sourcecode.swift; path = FeaturedCarousel.swift; sourceTree = "<group>"; };
		D933A6D1B4E3693F2C377613 /* CoachDeepLinkAction.swift */ = {isa = PBXFileReference; lastKnownFileType = sourcecode.swift; path = CoachDeepLinkAction.swift; sourceTree = "<group>"; };
		DD621DF763D5975D4AFBA288 /* TranscriptView.swift */ = {isa = PBXFileReference; lastKnownFileType = sourcecode.swift; path = TranscriptView.swift; sourceTree = "<group>"; };
		E379D89F477B0D697AE16136 /* CoachCard.swift */ = {isa = PBXFileReference; lastKnownFileType = sourcecode.swift; path = CoachCard.swift; sourceTree = "<group>"; };
		E76380EC7ABC61B5BE6F2F90 /* CategorySection.swift */ = {isa = PBXFileReference; lastKnownFileType = sourcecode.swift; path = CategorySection.swift; sourceTree = "<group>"; };
		EA5FE52D2793C648F73A620A /* CoachEditSheet.swift */ = {isa = PBXFileReference; lastKnownFileType = sourcecode.swift; path = CoachEditSheet.swift; sourceTree = "<group>"; };
		EFB918C5E6C763ACFD730C4F /* AppSpacing.swift */ = {isa = PBXFileReference; lastKnownFileType = sourcecode.swift; path = AppSpacing.swift; sourceTree = "<group>"; };
		F695390C7D8223A0F830F034 /* Info.plist */ = {isa = PBXFileReference; lastKnownFileType = text.plist; path = Info.plist; sourceTree = "<group>"; };
/* End PBXFileReference section */

/* Begin PBXFrameworksBuildPhase section */
		05F15D0EE0A74A033C047E3F /* Frameworks */ = {
			isa = PBXFrameworksBuildPhase;
			buildActionMask = 2147483647;
			files = (
				A4ADF00181F3AF633B4BFC4E /* ElevenLabs in Frameworks */,
				5ACFF95F715DD1437DCF2FFF /* ElevenLabsComponents in Frameworks */,
				A526A6D3734926CBE70580F3 /* FirebaseAuth in Frameworks */,
				B8ADD0B99DEF1F368A9A136C /* FirebaseFirestore in Frameworks */,
				47566721DD425B4F344D8506 /* FirebaseFunctions in Frameworks */,
				800A83E5B64651453BE467B8 /* RevenueCat in Frameworks */,
			);
			runOnlyForDeploymentPostprocessing = 0;
		};
		1929B6187A14C7FEDB6135D3 /* Frameworks */ = {
			isa = PBXFrameworksBuildPhase;
			buildActionMask = 2147483647;
			files = (
				104D6F9E5ED5479A0FC3AC49 /* ElevenLabsComponents in Frameworks */,
			);
			runOnlyForDeploymentPostprocessing = 0;
		};
/* End PBXFrameworksBuildPhase section */

/* Begin PBXGroup section */
		0071D747787E66D3A85BC724 /* Create */ = {
			isa = PBXGroup;
			children = (
				652E3BA81948D123C0EF581C /* CreateCoachView.swift */,
				93B0B07909A5DCDA55ECEA45 /* ModelPickerView.swift */,
				5100ACDB2F323992CBFFAEDC /* VoicePickerView.swift */,
			);
			path = Create;
			sourceTree = "<group>";
		};
		02DD954A69C6678E697496D6 /* Discover */ = {
			isa = PBXGroup;
			children = (
				E76380EC7ABC61B5BE6F2F90 /* CategorySection.swift */,
				E379D89F477B0D697AE16136 /* CoachCard.swift */,
				EA5FE52D2793C648F73A620A /* CoachEditSheet.swift */,
				717DE99144FB3880AF2B8F4F /* CommunityCoachSheet.swift */,
				16395EE7F077C7F1706868C7 /* DiscoverView.swift */,
				D4C46D1DA3AC817B07C7E258 /* FeaturedCarousel.swift */,
			);
			path = Discover;
			sourceTree = "<group>";
		};
		0FED196D0BF93F86C51BDFE3 /* CoachDetail */ = {
			isa = PBXGroup;
			children = (
				7633FA04CE02C5AC3E79EA46 /* CoachDetailView.swift */,
			);
			path = CoachDetail;
			sourceTree = "<group>";
		};
		1059A781CD5BE2A0187818E6 /* Session */ = {
			isa = PBXGroup;
			children = (
				0D08CE5A4934217843E3E1C4 /* SessionView.swift */,
				DD621DF763D5975D4AFBA288 /* TranscriptView.swift */,
			);
			path = Session;
			sourceTree = "<group>";
		};
		2511D717286E50D2B2C2DE59 /* CouncilLiveActivity */ = {
			isa = PBXGroup;
			children = (
				BD045951AC01BBCA6AD8260D /* CoachSessionLiveActivityWidget.swift */,
				AE3AA24E714065FCF6CA86FE /* CouncilLiveActivityBundle.swift */,
				D1AB95446E4FEDED6D47BB37 /* Info.plist */,
			);
			path = CouncilLiveActivity;
			sourceTree = "<group>";
		};
		42E33D77E75FB0DE3167F7BA /* Views */ = {
			isa = PBXGroup;
			children = (
				0FED196D0BF93F86C51BDFE3 /* CoachDetail */,
				C112CE36B10DA81E33E36AB7 /* Components */,
				0071D747787E66D3A85BC724 /* Create */,
				02DD954A69C6678E697496D6 /* Discover */,
				83BE77BD1C747E158C0FA854 /* History */,
				5DD2ECCC78AD2E819991E6AD /* Onboarding */,
				D461CC44D74A4F75D87652B7 /* Paywall */,
				B31192FBC74BD389BCE9363C /* Profile */,
				1059A781CD5BE2A0187818E6 /* Session */,
			);
			path = Views;
			sourceTree = "<group>";
		};
		5DD2ECCC78AD2E819991E6AD /* Onboarding */ = {
			isa = PBXGroup;
			children = (
				B461FDB58AAFDCD54893AE9A /* OnboardingView.swift */,
			);
			path = Onboarding;
			sourceTree = "<group>";
		};
		76C2F08A394A887F2A85F72F /* Services */ = {
			isa = PBXGroup;
			children = (
				1ED4145139D2DE3D6FF9685F /* AuthService.swift */,
				D933A6D1B4E3693F2C377613 /* CoachDeepLinkAction.swift */,
				834F9BB7389DAB1C8B2B18D7 /* ElevenLabsAPIService.swift */,
				1C11B2E90541953C686DD87E /* FirebaseService.swift */,
				BC488FB451DC158CA9EE930E /* LiveActivityManager.swift */,
				537DDC2C172065A42954DEC7 /* NotionOAuthService.swift */,
				CFCF05EF8A247FBC8217AB57 /* SessionDeepLinkAction.swift */,
				019E9D994241B3604F6B9E79 /* SubscriptionService.swift */,
			);
			path = Services;
			sourceTree = "<group>";
		};
		7B8C40B0C5F37EE2C3F925DA = {
			isa = PBXGroup;
			children = (
				AE4CCBCDD1743FE9FCE665F7 /* Council */,
				2511D717286E50D2B2C2DE59 /* CouncilLiveActivity */,
				CB7D22EF72DCBE3501D5D593 /* Shared */,
				BAC2E48C0CDB8261AF47C996 /* Products */,
			);
			sourceTree = "<group>";
		};
		83BE77BD1C747E158C0FA854 /* History */ = {
			isa = PBXGroup;
			children = (
				C1F437B428F61F3376F7C0A0 /* SessionHistoryView.swift */,
			);
			path = History;
			sourceTree = "<group>";
		};
		AD3BCD6E112A614F4BCA3674 /* ViewModels */ = {
			isa = PBXGroup;
			children = (
				2533D0A0B2C06FE4585E1679 /* AuthViewModel.swift */,
				301DBEBCD7BB4BDEACB6F971 /* CoachEditViewModel.swift */,
				77A6622711A8A5FC0770C7CC /* CreateCoachViewModel.swift */,
				1DE4F2BA747B8470FC9F94D5 /* DiscoverViewModel.swift */,
				B730B17FDD1FE4E493B124D3 /* ProfileViewModel.swift */,
				8C9F53AE96A9776979213910 /* SessionHistoryViewModel.swift */,
				1CB345A4B63CAF07EB87C51C /* SessionViewModel.swift */,
			);
			path = ViewModels;
			sourceTree = "<group>";
		};
		AE4CCBCDD1743FE9FCE665F7 /* Council */ = {
			isa = PBXGroup;
			children = (
				9F4AEE44520978142FB1B7DE /* Assets.xcassets */,
				17CE1F742A12D855B3C94C2E /* ContentView.swift */,
				D46C5600BC83FB3B9A9E66DB /* Council.entitlements */,
				5C33AE6CA888DFF7EBC06F32 /* CouncilApp.swift */,
				20AA5F72D474FE0143AB190D /* GoogleService-Info.plist */,
				4BEED7C989383DDD8A4FD06D /* GoogleService-Info.plist.bak_20260206_164154 */,
				F695390C7D8223A0F830F034 /* Info.plist */,
				CB934D6C7803BAE8184C5A66 /* Models */,
				76C2F08A394A887F2A85F72F /* Services */,
				DD0006F8D6FDB991EFE86AC1 /* Theme */,
				AD3BCD6E112A614F4BCA3674 /* ViewModels */,
				42E33D77E75FB0DE3167F7BA /* Views */,
			);
			path = Council;
			sourceTree = "<group>";
		};
		B31192FBC74BD389BCE9363C /* Profile */ = {
			isa = PBXGroup;
			children = (
				2C43B376B8EC9A3C975E1BF7 /* ContextEditorView.swift */,
				1EA1A6F9286FE39E09FF54A6 /* ProfileView.swift */,
			);
			path = Profile;
			sourceTree = "<group>";
		};
		BAC2E48C0CDB8261AF47C996 /* Products */ = {
			isa = PBXGroup;
			children = (
				C2A7D06E2CEE0DC43EA4715D /* Council.app */,
				C2D6354E5457C894C31DC389 /* CouncilLiveActivityExtension.appex */,
			);
			name = Products;
			sourceTree = "<group>";
		};
		C112CE36B10DA81E33E36AB7 /* Components */ = {
			isa = PBXGroup;
			children = (
				285F32808AC8525FD83BBF34 /* CategoryBadge.swift */,
				3253B59B9124D681A8A67088 /* GradientCard.swift */,
				8BE16A83D5C268BA5BC3353A /* HoneycombGrid.swift */,
				A1606AB0487A3D5E57EAF8AE /* InfiniteScrollView.swift */,
				BE1CE59764DE58455A71A47E /* OrbAvatar.swift */,
			);
			path = Components;
			sourceTree = "<group>";
		};
		CB7D22EF72DCBE3501D5D593 /* Shared */ = {
			isa = PBXGroup;
			children = (
				96F90C3507825B5EC1786F41 /* CoachSessionActivityAttributes.swift */,
			);
			path = Shared;
			sourceTree = "<group>";
		};
		CB934D6C7803BAE8184C5A66 /* Models */ = {
			isa = PBXGroup;
			children = (
				5F6766E2ED3131690CD18811 /* Coach.swift */,
				7AD36C5AAEBBD6E0D09FCC0D /* CoachingSession.swift */,
				C9ABA1E35C20C6EE7FDD8895 /* ConnectedService.swift */,
				1DC90FEEFB0BC70EBB9D126D /* UserCoachConfig.swift */,
				20C576D2DD70FDADE166CDAC /* UserProfile.swift */,
			);
			path = Models;
			sourceTree = "<group>";
		};
		D461CC44D74A4F75D87652B7 /* Paywall */ = {
			isa = PBXGroup;
			children = (
				C2B855C7E474C2AB2305C40A /* PaywallView.swift */,
			);
			path = Paywall;
			sourceTree = "<group>";
		};
		DD0006F8D6FDB991EFE86AC1 /* Theme */ = {
			isa = PBXGroup;
			children = (
				6AC6C2F0FE8EC1ED8262A158 /* AppColors.swift */,
				EFB918C5E6C763ACFD730C4F /* AppSpacing.swift */,
				61B32886A6911695C2541125 /* AppTypography.swift */,
			);
			path = Theme;
			sourceTree = "<group>";
		};
/* End PBXGroup section */

/* Begin PBXNativeTarget section */
		5C83E10A1857B8D37BE6CF32 /* CouncilLiveActivityExtension */ = {
			isa = PBXNativeTarget;
			buildConfigurationList = AA43AD7B214B81E597AF4CFC /* Build configuration list for PBXNativeTarget "CouncilLiveActivityExtension" */;
			buildPhases = (
				2ACC021165F9B30BDA5A5BF1 /* Sources */,
				1929B6187A14C7FEDB6135D3 /* Frameworks */,
			);
			buildRules = (
			);
			dependencies = (
			);
			name = CouncilLiveActivityExtension;
			packageProductDependencies = (
				3F1BB8A001ECBF947DDD291F /* ElevenLabsComponents */,
			);
			productName = CouncilLiveActivityExtension;
			productReference = C2D6354E5457C894C31DC389 /* CouncilLiveActivityExtension.appex */;
			productType = "com.apple.product-type.app-extension";
		};
		7F3E86A7799A00ECB7C02392 /* Council */ = {
			isa = PBXNativeTarget;
			buildConfigurationList = ABC21529D0912F5918FA947F /* Build configuration list for PBXNativeTarget "Council" */;
			buildPhases = (
				83DB6BE6A568136A7B50BE2D /* Sources */,
				7720D06002693832BEDB62FA /* Resources */,
				05F15D0EE0A74A033C047E3F /* Frameworks */,
				756E2AFEF351972914EB0036 /* Embed Foundation Extensions */,
			);
			buildRules = (
			);
			dependencies = (
				3046D09CFBC460807F8393AC /* PBXTargetDependency */,
			);
			name = Council;
			packageProductDependencies = (
				929493F1BB18B50BF74075AE /* ElevenLabs */,
				90616523B8C633ED009E662E /* ElevenLabsComponents */,
				65F1E20F04402402446E5A29 /* FirebaseAuth */,
				F7062B3A7252C8F56546E283 /* FirebaseFirestore */,
				B1E2C4788DC33612A294E7BA /* FirebaseFunctions */,
				52C5AA57DD22BA7F802C8D76 /* RevenueCat */,
			);
			productName = Council;
			productReference = C2A7D06E2CEE0DC43EA4715D /* Council.app */;
			productType = "com.apple.product-type.application";
		};
/* End PBXNativeTarget section */

/* Begin PBXProject section */
		A5C24DCD198A0EDC4EEDA171 /* Project object */ = {
			isa = PBXProject;
			attributes = {
				BuildIndependentTargetsInParallel = YES;
				LastUpgradeCheck = 1600;
				TargetAttributes = {
					5C83E10A1857B8D37BE6CF32 = {
						DevelopmentTeam = 55P8HSA8J6;
						ProvisioningStyle = Automatic;
					};
					7F3E86A7799A00ECB7C02392 = {
						DevelopmentTeam = 55P8HSA8J6;
						ProvisioningStyle = Automatic;
					};
				};
			};
			buildConfigurationList = 867E8B9627E64BC7A69155C5 /* Build configuration list for PBXProject "Council" */;
			compatibilityVersion = "Xcode 14.0";
			developmentRegion = en;
			hasScannedForEncodings = 0;
			knownRegions = (
				Base,
				en,
			);
			mainGroup = 7B8C40B0C5F37EE2C3F925DA;
			minimizedProjectReferenceProxies = 1;
			packageReferences = (
				02223AF899BA10146DEE2EA9 /* XCRemoteSwiftPackageReference "components-swift" */,
				275DA7AF260A4AD17390460C /* XCRemoteSwiftPackageReference "elevenlabs-swift-sdk" */,
				6DB32FCD392BA340984A739D /* XCRemoteSwiftPackageReference "firebase-ios-sdk" */,
				6B8E904E098A92ADE5245C29 /* XCRemoteSwiftPackageReference "purchases-ios-spm" */,
			);
			preferredProjectObjectVersion = 77;
			projectDirPath = "";
			projectRoot = "";
			targets = (
				7F3E86A7799A00ECB7C02392 /* Council */,
				5C83E10A1857B8D37BE6CF32 /* CouncilLiveActivityExtension */,
			);
		};
/* End PBXProject section */

/* Begin PBXResourcesBuildPhase section */
		7720D06002693832BEDB62FA /* Resources */ = {
			isa = PBXResourcesBuildPhase;
			buildActionMask = 2147483647;
			files = (
				396592BF75AC4E4983ACBA76 /* Assets.xcassets in Resources */,
				4A5348FD7D2F342D54F1029C /* GoogleService-Info.plist in Resources */,
				A2C3E572A555A5D877C44F6E /* GoogleService-Info.plist.bak_20260206_164154 in Resources */,
			);
			runOnlyForDeploymentPostprocessing = 0;
		};
/* End PBXResourcesBuildPhase section */

/* Begin PBXSourcesBuildPhase section */
		2ACC021165F9B30BDA5A5BF1 /* Sources */ = {
			isa = PBXSourcesBuildPhase;
			buildActionMask = 2147483647;
			files = (
				701ED7CF8E35B324EDA52EDD /* CoachSessionActivityAttributes.swift in Sources */,
				FBECE620B33F4DCDD14DD396 /* CoachSessionLiveActivityWidget.swift in Sources */,
				11AA3EB1ECC615E1019097BA /* CouncilLiveActivityBundle.swift in Sources */,
			);
			runOnlyForDeploymentPostprocessing = 0;
		};
		83DB6BE6A568136A7B50BE2D /* Sources */ = {
			isa = PBXSourcesBuildPhase;
			buildActionMask = 2147483647;
			files = (
				5C12BF9F903A873E2CC32136 /* AppColors.swift in Sources */,
				98781D687EFD73C615BB61D8 /* AppSpacing.swift in Sources */,
				EB6B71D50A60B09427054705 /* AppTypography.swift in Sources */,
				1C704FBE256221C74A0923FD /* AuthService.swift in Sources */,
				FD9F3B925D0EC8B9583107C2 /* AuthViewModel.swift in Sources */,
				B3CF14C68456348EFD4A94F1 /* CategoryBadge.swift in Sources */,
				539AC5EA0C50C247510A12BD /* CategorySection.swift in Sources */,
				5E093B0B28F5303BA4309B85 /* Coach.swift in Sources */,
				5B8C6A29FB8878E746F0D434 /* CoachCard.swift in Sources */,
				3770C21AE2B6BFF5EF7CA9FA /* CoachDeepLinkAction.swift in Sources */,
				F5EEC78592C040E4CD7031E9 /* CoachDetailView.swift in Sources */,
				6581D07D002E6F210C768B6A /* CoachEditSheet.swift in Sources */,
				5F229347B2780F5923D593AC /* CoachEditViewModel.swift in Sources */,
				84F746BE917785DAAC81D293 /* CoachSessionActivityAttributes.swift in Sources */,
				AF4F3339AD5EF834CA323327 /* CoachingSession.swift in Sources */,
				691D58858EEF84DC8F0F4474 /* CommunityCoachSheet.swift in Sources */,
				85DE8A4299CAD5A08510E6A9 /* ConnectedService.swift in Sources */,
				417D72CD047D6B43C70003A0 /* ContentView.swift in Sources */,
				B0CE64A96437865D88A15F9C /* ContextEditorView.swift in Sources */,
				F77D3F3C52DEE7113243FF87 /* CouncilApp.swift in Sources */,
				6F70948FBBC2756AD8DEFF46 /* CreateCoachView.swift in Sources */,
				C195FF768675C6B5301E4EA5 /* CreateCoachViewModel.swift in Sources */,
				C777F081BF631B57B1AFB330 /* DiscoverView.swift in Sources */,
				C1D7E1898383513A2982EDF4 /* DiscoverViewModel.swift in Sources */,
				B90D1A419B5FF744F3E3F6F2 /* ElevenLabsAPIService.swift in Sources */,
				0F734186D5A4F38D9D841672 /* FeaturedCarousel.swift in Sources */,
				93DC1C9263E73C195680F896 /* FirebaseService.swift in Sources */,
				5C04CC1A65EAA57FF5ED5AC3 /* GradientCard.swift in Sources */,
				A33B1CD9499E3DB63BB8DC12 /* HoneycombGrid.swift in Sources */,
				A34BB3A717228FE8A9F5945C /* InfiniteScrollView.swift in Sources */,
				B434E9AFBDB80718BAF012E6 /* LiveActivityManager.swift in Sources */,
				1F712D8789DC560132168CFE /* ModelPickerView.swift in Sources */,
				7B19EF73E729D1EA8024AE15 /* NotionOAuthService.swift in Sources */,
				7EA413ADD042B625108B3170 /* OnboardingView.swift in Sources */,
				DF5C33DA7DF7E8C18C3DEC59 /* OrbAvatar.swift in Sources */,
				F3C4A65E1CB426E8CD6A47FB /* PaywallView.swift in Sources */,
				ECDDBB59F209025F721F70F3 /* ProfileView.swift in Sources */,
				C9FBB3732C0A92E37D711EE0 /* ProfileViewModel.swift in Sources */,
				CCCB9885F21DFA98B2763F10 /* SessionDeepLinkAction.swift in Sources */,
				F5F317F929CAC70A484B0CF2 /* SessionHistoryView.swift in Sources */,
				BB757C5E7959AC707F2F4290 /* SessionHistoryViewModel.swift in Sources */,
				4C1C8E956C6ADA6F51955F57 /* SessionView.swift in Sources */,
				64AA20313B25BDE9260B238A /* SessionViewModel.swift in Sources */,
				F5A9B7B3DC5168FCE7A877F2 /* SubscriptionService.swift in Sources */,
				92833F34A0C165B5B2C97C8A /* TranscriptView.swift in Sources */,
				C5DC7866815762E33C242531 /* UserCoachConfig.swift in Sources */,
				09BD11B18E0A7CDA91B1BD08 /* UserProfile.swift in Sources */,
				F347B334E17C23849D8896CA /* VoicePickerView.swift in Sources */,
			);
			runOnlyForDeploymentPostprocessing = 0;
		};
/* End PBXSourcesBuildPhase section */

/* Begin PBXTargetDependency section */
		3046D09CFBC460807F8393AC /* PBXTargetDependency */ = {
			isa = PBXTargetDependency;
			target = 5C83E10A1857B8D37BE6CF32 /* CouncilLiveActivityExtension */;
			targetProxy = BB281C8D70796FB29F459584 /* PBXContainerItemProxy */;
		};
/* End PBXTargetDependency section */

/* Begin XCBuildConfiguration section */
		046E87E21C5D7C41DDA17E21 /* Debug */ = {
			isa = XCBuildConfiguration;
			buildSettings = {
				ALWAYS_SEARCH_USER_PATHS = NO;
				CLANG_ANALYZER_NONNULL = YES;
				CLANG_ANALYZER_NUMBER_OBJECT_CONVERSION = YES_AGGRESSIVE;
				CLANG_CXX_LANGUAGE_STANDARD = "gnu++14";
				CLANG_CXX_LIBRARY = "libc++";
				CLANG_ENABLE_MODULES = YES;
				CLANG_ENABLE_OBJC_ARC = YES;
				CLANG_ENABLE_OBJC_WEAK = YES;
				CLANG_WARN_BLOCK_CAPTURE_AUTORELEASING = YES;
				CLANG_WARN_BOOL_CONVERSION = YES;
				CLANG_WARN_COMMA = YES;
				CLANG_WARN_CONSTANT_CONVERSION = YES;
				CLANG_WARN_DEPRECATED_OBJC_IMPLEMENTATIONS = YES;
				CLANG_WARN_DIRECT_OBJC_ISA_USAGE = YES_ERROR;
				CLANG_WARN_DOCUMENTATION_COMMENTS = YES;
				CLANG_WARN_EMPTY_BODY = YES;
				CLANG_WARN_ENUM_CONVERSION = YES;
				CLANG_WARN_INFINITE_RECURSION = YES;
				CLANG_WARN_INT_CONVERSION = YES;
				CLANG_WARN_NON_LITERAL_NULL_CONVERSION = YES;
				CLANG_WARN_OBJC_IMPLICIT_RETAIN_SELF = YES;
				CLANG_WARN_OBJC_LITERAL_CONVERSION = YES;
				CLANG_WARN_OBJC_ROOT_CLASS = YES_ERROR;
				CLANG_WARN_QUOTED_INCLUDE_IN_FRAMEWORK_HEADER = YES;
				CLANG_WARN_RANGE_LOOP_ANALYSIS = YES;
				CLANG_WARN_STRICT_PROTOTYPES = YES;
				CLANG_WARN_SUSPICIOUS_MOVE = YES;
				CLANG_WARN_UNGUARDED_AVAILABILITY = YES_AGGRESSIVE;
				CLANG_WARN_UNREACHABLE_CODE = YES;
				CLANG_WARN__DUPLICATE_METHOD_MATCH = YES;
				COPY_PHASE_STRIP = NO;
				DEBUG_INFORMATION_FORMAT = dwarf;
				ENABLE_STRICT_OBJC_MSGSEND = YES;
				ENABLE_TESTABILITY = YES;
				GCC_C_LANGUAGE_STANDARD = gnu11;
				GCC_DYNAMIC_NO_PIC = NO;
				GCC_NO_COMMON_BLOCKS = YES;
				GCC_OPTIMIZATION_LEVEL = 0;
				GCC_PREPROCESSOR_DEFINITIONS = (
					"$(inherited)",
					"DEBUG=1",
				);
				GCC_WARN_64_TO_32_BIT_CONVERSION = YES;
				GCC_WARN_ABOUT_RETURN_TYPE = YES_ERROR;
				GCC_WARN_UNDECLARED_SELECTOR = YES;
				GCC_WARN_UNINITIALIZED_AUTOS = YES_AGGRESSIVE;
				GCC_WARN_UNUSED_FUNCTION = YES;
				GCC_WARN_UNUSED_VARIABLE = YES;
				IPHONEOS_DEPLOYMENT_TARGET = 17.0;
				MTL_ENABLE_DEBUG_INFO = INCLUDE_SOURCE;
				MTL_FAST_MATH = YES;
				ONLY_ACTIVE_ARCH = YES;
				PRODUCT_NAME = "$(TARGET_NAME)";
				SDKROOT = iphoneos;
				SWIFT_ACTIVE_COMPILATION_CONDITIONS = DEBUG;
				SWIFT_OPTIMIZATION_LEVEL = "-Onone";
				SWIFT_VERSION = 5.0;
			};
			name = Debug;
		};
		058ACDA3E66A404D37C76AD5 /* Debug */ = {
			isa = XCBuildConfiguration;
			buildSettings = {
				ASSETCATALOG_COMPILER_APPICON_NAME = AppIcon;
				CODE_SIGN_IDENTITY = "iPhone Developer";
				CODE_SIGN_STYLE = Automatic;
				CURRENT_PROJECT_VERSION = 2;
				DEVELOPMENT_TEAM = 55P8HSA8J6;
				GENERATE_INFOPLIST_FILE = NO;
				INFOPLIST_FILE = Council/Info.plist;
				LD_RUNPATH_SEARCH_PATHS = (
					"$(inherited)",
					"@executable_path/Frameworks",
				);
				MARKETING_VERSION = 1.0.0;
				PRODUCT_BUNDLE_IDENTIFIER = athenlabs.Council;
				SDKROOT = iphoneos;
				SWIFT_VERSION = 5.9;
				TARGETED_DEVICE_FAMILY = "1,2";
			};
			name = Debug;
		};
		05C7D80407C17D8B6D55103C /* Debug */ = {
			isa = XCBuildConfiguration;
			buildSettings = {
				CODE_SIGN_STYLE = Automatic;
				CURRENT_PROJECT_VERSION = 2;
				DEVELOPMENT_TEAM = 55P8HSA8J6;
				GENERATE_INFOPLIST_FILE = NO;
				INFOPLIST_FILE = CouncilLiveActivity/Info.plist;
				LD_RUNPATH_SEARCH_PATHS = (
					"$(inherited)",
					"@executable_path/Frameworks",
					"@executable_path/../../Frameworks",
				);
				MARKETING_VERSION = 1.0.0;
				PRODUCT_BUNDLE_IDENTIFIER = athenlabs.Council.LiveActivityExtension;
				SDKROOT = iphoneos;
				SWIFT_VERSION = 5.9;
				TARGETED_DEVICE_FAMILY = "1,2";
			};
			name = Debug;
		};
		0A0BC0C2BFC692D21B6D85F3 /* Release */ = {
			isa = XCBuildConfiguration;
			buildSettings = {
				ALWAYS_SEARCH_USER_PATHS = NO;
				CLANG_ANALYZER_NONNULL = YES;
				CLANG_ANALYZER_NUMBER_OBJECT_CONVERSION = YES_AGGRESSIVE;
				CLANG_CXX_LANGUAGE_STANDARD = "gnu++14";
				CLANG_CXX_LIBRARY = "libc++";
				CLANG_ENABLE_MODULES = YES;
				CLANG_ENABLE_OBJC_ARC = YES;
				CLANG_ENABLE_OBJC_WEAK = YES;
				CLANG_WARN_BLOCK_CAPTURE_AUTORELEASING = YES;
				CLANG_WARN_BOOL_CONVERSION = YES;
				CLANG_WARN_COMMA = YES;
				CLANG_WARN_CONSTANT_CONVERSION = YES;
				CLANG_WARN_DEPRECATED_OBJC_IMPLEMENTATIONS = YES;
				CLANG_WARN_DIRECT_OBJC_ISA_USAGE = YES_ERROR;
				CLANG_WARN_DOCUMENTATION_COMMENTS = YES;
				CLANG_WARN_EMPTY_BODY = YES;
				CLANG_WARN_ENUM_CONVERSION = YES;
				CLANG_WARN_INFINITE_RECURSION = YES;
				CLANG_WARN_INT_CONVERSION = YES;
				CLANG_WARN_NON_LITERAL_NULL_CONVERSION = YES;
				CLANG_WARN_OBJC_IMPLICIT_RETAIN_SELF = YES;
				CLANG_WARN_OBJC_LITERAL_CONVERSION = YES;
				CLANG_WARN_OBJC_ROOT_CLASS = YES_ERROR;
				CLANG_WARN_QUOTED_INCLUDE_IN_FRAMEWORK_HEADER = YES;
				CLANG_WARN_RANGE_LOOP_ANALYSIS = YES;
				CLANG_WARN_STRICT_PROTOTYPES = YES;
				CLANG_WARN_SUSPICIOUS_MOVE = YES;
				CLANG_WARN_UNGUARDED_AVAILABILITY = YES_AGGRESSIVE;
				CLANG_WARN_UNREACHABLE_CODE = YES;
				CLANG_WARN__DUPLICATE_METHOD_MATCH = YES;
				COPY_PHASE_STRIP = NO;
				DEBUG_INFORMATION_FORMAT = "dwarf-with-dsym";
				ENABLE_NS_ASSERTIONS = NO;
				ENABLE_STRICT_OBJC_MSGSEND = YES;
				GCC_C_LANGUAGE_STANDARD = gnu11;
				GCC_NO_COMMON_BLOCKS = YES;
				GCC_WARN_64_TO_32_BIT_CONVERSION = YES;
				GCC_WARN_ABOUT_RETURN_TYPE = YES_ERROR;
				GCC_WARN_UNDECLARED_SELECTOR = YES;
				GCC_WARN_UNINITIALIZED_AUTOS = YES_AGGRESSIVE;
				GCC_WARN_UNUSED_FUNCTION = YES;
				GCC_WARN_UNUSED_VARIABLE = YES;
				IPHONEOS_DEPLOYMENT_TARGET = 17.0;
				MTL_ENABLE_DEBUG_INFO = NO;
				MTL_FAST_MATH = YES;
				PRODUCT_NAME = "$(TARGET_NAME)";
				SDKROOT = iphoneos;
				SWIFT_COMPILATION_MODE = wholemodule;
				SWIFT_OPTIMIZATION_LEVEL = "-O";
				SWIFT_VERSION = 5.0;
			};
			name = Release;
		};
		128D36B1528ADE71314D53DD /* Release */ = {
			isa = XCBuildConfiguration;
			buildSettings = {
				CODE_SIGN_STYLE = Automatic;
				CURRENT_PROJECT_VERSION = 2;
				DEVELOPMENT_TEAM = 55P8HSA8J6;
				GENERATE_INFOPLIST_FILE = NO;
				INFOPLIST_FILE = CouncilLiveActivity/Info.plist;
				LD_RUNPATH_SEARCH_PATHS = (
					"$(inherited)",
					"@executable_path/Frameworks",
					"@executable_path/../../Frameworks",
				);
				MARKETING_VERSION = 1.0.0;
				PRODUCT_BUNDLE_IDENTIFIER = athenlabs.Council.LiveActivityExtension;
				SDKROOT = iphoneos;
				SWIFT_VERSION = 5.9;
				TARGETED_DEVICE_FAMILY = "1,2";
			};
			name = Release;
		};
		4096AAF6EDDF26ABFCEB8A51 /* Release */ = {
			isa = XCBuildConfiguration;
			buildSettings = {
				ASSETCATALOG_COMPILER_APPICON_NAME = AppIcon;
				CODE_SIGN_IDENTITY = "iPhone Developer";
				CODE_SIGN_STYLE = Automatic;
				CURRENT_PROJECT_VERSION = 2;
				DEVELOPMENT_TEAM = 55P8HSA8J6;
				GENERATE_INFOPLIST_FILE = NO;
				INFOPLIST_FILE = Council/Info.plist;
				LD_RUNPATH_SEARCH_PATHS = (
					"$(inherited)",
					"@executable_path/Frameworks",
				);
				MARKETING_VERSION = 1.0.0;
				PRODUCT_BUNDLE_IDENTIFIER = athenlabs.Council;
				SDKROOT = iphoneos;
				SWIFT_VERSION = 5.9;
				TARGETED_DEVICE_FAMILY = "1,2";
			};
			name = Release;
		};
/* End XCBuildConfiguration section */

/* Begin XCConfigurationList section */
		867E8B9627E64BC7A69155C5 /* Build configuration list for PBXProject "Council" */ = {
			isa = XCConfigurationList;
			buildConfigurations = (
				046E87E21C5D7C41DDA17E21 /* Debug */,
				0A0BC0C2BFC692D21B6D85F3 /* Release */,
			);
			defaultConfigurationIsVisible = 0;
			defaultConfigurationName = Debug;
		};
		AA43AD7B214B81E597AF4CFC /* Build configuration list for PBXNativeTarget "CouncilLiveActivityExtension" */ = {
			isa = XCConfigurationList;
			buildConfigurations = (
				05C7D80407C17D8B6D55103C /* Debug */,
				128D36B1528ADE71314D53DD /* Release */,
			);
			defaultConfigurationIsVisible = 0;
			defaultConfigurationName = Debug;
		};
		ABC21529D0912F5918FA947F /* Build configuration list for PBXNativeTarget "Council" */ = {
			isa = XCConfigurationList;
			buildConfigurations = (
				058ACDA3E66A404D37C76AD5 /* Debug */,
				4096AAF6EDDF26ABFCEB8A51 /* Release */,
			);
			defaultConfigurationIsVisible = 0;
			defaultConfigurationName = Debug;
		};
/* End XCConfigurationList section */

/* Begin XCRemoteSwiftPackageReference section */
		02223AF899BA10146DEE2EA9 /* XCRemoteSwiftPackageReference "components-swift" */ = {
			isa = XCRemoteSwiftPackageReference;
			repositoryURL = "https://github.com/elevenlabs/components-swift.git";
			requirement = {
				branch = main;
				kind = branch;
			};
		};
		275DA7AF260A4AD17390460C /* XCRemoteSwiftPackageReference "elevenlabs-swift-sdk" */ = {
			isa = XCRemoteSwiftPackageReference;
			repositoryURL = "https://github.com/elevenlabs/elevenlabs-swift-sdk.git";
			requirement = {
				kind = upToNextMajorVersion;
				minimumVersion = 3.0.0;
			};
		};
		6B8E904E098A92ADE5245C29 /* XCRemoteSwiftPackageReference "purchases-ios-spm" */ = {
			isa = XCRemoteSwiftPackageReference;
			repositoryURL = "https://github.com/RevenueCat/purchases-ios-spm.git";
			requirement = {
				kind = upToNextMajorVersion;
				minimumVersion = 5.0.0;
			};
		};
		6DB32FCD392BA340984A739D /* XCRemoteSwiftPackageReference "firebase-ios-sdk" */ = {
			isa = XCRemoteSwiftPackageReference;
			repositoryURL = "https://github.com/firebase/firebase-ios-sdk.git";
			requirement = {
				kind = upToNextMajorVersion;
				minimumVersion = 11.0.0;
			};
		};
/* End XCRemoteSwiftPackageReference section */

/* Begin XCSwiftPackageProductDependency section */
		3F1BB8A001ECBF947DDD291F /* ElevenLabsComponents */ = {
			isa = XCSwiftPackageProductDependency;
			package = 02223AF899BA10146DEE2EA9 /* XCRemoteSwiftPackageReference "components-swift" */;
			productName = ElevenLabsComponents;
		};
		52C5AA57DD22BA7F802C8D76 /* RevenueCat */ = {
			isa = XCSwiftPackageProductDependency;
			package = 6B8E904E098A92ADE5245C29 /* XCRemoteSwiftPackageReference "purchases-ios-spm" */;
			productName = RevenueCat;
		};
		65F1E20F04402402446E5A29 /* FirebaseAuth */ = {
			isa = XCSwiftPackageProductDependency;
			package = 6DB32FCD392BA340984A739D /* XCRemoteSwiftPackageReference "firebase-ios-sdk" */;
			productName = FirebaseAuth;
		};
		90616523B8C633ED009E662E /* ElevenLabsComponents */ = {
			isa = XCSwiftPackageProductDependency;
			package = 02223AF899BA10146DEE2EA9 /* XCRemoteSwiftPackageReference "components-swift" */;
			productName = ElevenLabsComponents;
		};
		929493F1BB18B50BF74075AE /* ElevenLabs */ = {
			isa = XCSwiftPackageProductDependency;
			package = 275DA7AF260A4AD17390460C /* XCRemoteSwiftPackageReference "elevenlabs-swift-sdk" */;
			productName = ElevenLabs;
		};
		B1E2C4788DC33612A294E7BA /* FirebaseFunctions */ = {
			isa = XCSwiftPackageProductDependency;
			package = 6DB32FCD392BA340984A739D /* XCRemoteSwiftPackageReference "firebase-ios-sdk" */;
			productName = FirebaseFunctions;
		};
		F7062B3A7252C8F56546E283 /* FirebaseFirestore */ = {
			isa = XCSwiftPackageProductDependency;
			package = 6DB32FCD392BA340984A739D /* XCRemoteSwiftPackageReference "firebase-ios-sdk" */;
			productName = FirebaseFirestore;
		};
/* End XCSwiftPackageProductDependency section */
	};
	rootObject = A5C24DCD198A0EDC4EEDA171 /* Project object */;
}
